
Microsoft Visual Studio Solution File, Format Version 12.00
# Visual Studio Version 17
VisualStudioVersion = 17.10.35013.160
MinimumVisualStudioVersion = 10.0.40219.1
Project("{FAE04EC0-301F-11D3-BF4B-00C04F79EFBC}") = "FinalProject1", "FinalProject1\FinalProject1.csproj", "{BF5ECA85-CE54-474E-8137-63266846DAA2}"
EndProject
Global
	GlobalSection(SolutionConfigurationPlatforms) = preSolution
		Debug|Any CPU = Debug|Any CPU
		Release|Any CPU = Release|Any CPU
	EndGlobalSection
	GlobalSection(ProjectConfigurationPlatforms) = postSolution
		{BF5ECA85-CE54-474E-8137-63266846DAA2}.Debug|Any CPU.ActiveCfg = Debug|Any CPU
		{BF5ECA85-CE54-474E-8137-63266846DAA2}.Debug|Any CPU.Build.0 = Debug|Any CPU
		{BF5ECA85-CE54-474E-8137-63266846DAA2}.Release|Any CPU.ActiveCfg = Release|Any CPU
		{BF5ECA85-CE54-474E-8137-63266846DAA2}.Release|Any CPU.Build.0 = Release|Any CPU
	EndGlobalSection
	GlobalSection(SolutionProperties) = preSolution
		HideSolutionNode = FALSE
	EndGlobalSection
	GlobalSection(ExtensibilityGlobals) = postSolution
		SolutionGuid = {950B547B-A266-4428-AD3C-7B0A2811BCF2}
	EndGlobalSection
EndGlobal
